{
  "name": "legendary",
  "version": "1.0.0",
  "lockfileVersion": 1,
  "requires": true,
  "dependencies": {
    "lorem-ipsum": {
      "version": "1.0.4",
      "resolved": "https://registry.npmjs.org/lorem-ipsum/-/lorem-ipsum-1.0.4.tgz",
      "integrity": "sha1-MLcqOx4ZH1UGKvjH36spGuT72RI=",
      "requires": {
        "optimist": "0.3.7"
      }
    },
    "optimist": {
      "version": "0.3.7",
      "resolved": "https://registry.npmjs.org/optimist/-/optimist-0.3.7.tgz",
      "integrity": "sha1-yQlBrVnkJzMokjB00s8ufLxuwNk=",
      "requires": {
        "wordwrap": "0.0.3"
      }
    },
    "wordwrap": {
      "version": "0.0.3",
      "resolved": "https://registry.npmjs.org/wordwrap/-/wordwrap-0.0.3.tgz",
      "integrity": "sha1-o9XabNXAvAAI03I0u68b7WMFkQc="
    }
  }
}
